
Microsoft Visual Studio Solution File, Format Version 12.00
# Visual Studio Version 16
VisualStudioVersion = 16.0.30128.74
MinimumVisualStudioVersion = 10.0.40219.1
Project("{FAE04EC0-301F-11D3-BF4B-00C04F79EFBC}") = "FilePicker.Android", "FilePicker\FilePicker.Android\FilePicker.Android.csproj", "{DD8C7230-5AD5-4AEA-A635-B19EF05E6EC5}"
EndProject
Project("{FAE04EC0-301F-11D3-BF4B-00C04F79EFBC}") = "FilePicker.iOS", "FilePicker\FilePicker.iOS\FilePicker.iOS.csproj", "{C47C2FB5-4905-4C57-AAD0-559788E9265C}"
EndProject
Project("{FAE04EC0-301F-11D3-BF4B-00C04F79EFBC}") = "FilePicker", "FilePicker\FilePicker\FilePicker.csproj", "{3632E575-1CEE-4B3E-A680-C0DF773FDDC9}"
EndProject
Global
	GlobalSection(SolutionConfigurationPlatforms) = preSolution
		Debug|Any CPU = Debug|Any CPU
		Debug|iPhone = Debug|iPhone
		Debug|iPhoneSimulator = Debug|iPhoneSimulator
		Release|Any CPU = Release|Any CPU
		Release|iPhone = Release|iPhone
		Release|iPhoneSimulator = Release|iPhoneSimulator
	EndGlobalSection
	GlobalSection(ProjectConfigurationPlatforms) = postSolution
		{DD8C7230-5AD5-4AEA-A635-B19EF05E6EC5}.Debug|Any CPU.ActiveCfg = Debug|Any CPU
		{DD8C7230-5AD5-4AEA-A635-B19EF05E6EC5}.Debug|Any CPU.Build.0 = Debug|Any CPU
		{DD8C7230-5AD5-4AEA-A635-B19EF05E6EC5}.Debug|Any CPU.Deploy.0 = Debug|Any CPU
		{DD8C7230-5AD5-4AEA-A635-B19EF05E6EC5}.Debug|iPhone.ActiveCfg = Debug|Any CPU
		{DD8C7230-5AD5-4AEA-A635-B19EF05E6EC5}.Debug|iPhone.Build.0 = Debug|Any CPU
		{DD8C7230-5AD5-4AEA-A635-B19EF05E6EC5}.Debug|iPhone.Deploy.0 = Debug|Any CPU
		{DD8C7230-5AD5-4AEA-A635-B19EF05E6EC5}.Debug|iPhoneSimulator.ActiveCfg = Debug|Any CPU
		{DD8C7230-5AD5-4AEA-A635-B19EF05E6EC5}.Debug|iPhoneSimulator.Build.0 = Debug|Any CPU
		{DD8C7230-5AD5-4AEA-A635-B19EF05E6EC5}.Debug|iPhoneSimulator.Deploy.0 = Debug|Any CPU
		{DD8C7230-5AD5-4AEA-A635-B19EF05E6EC5}.Release|Any CPU.ActiveCfg = Release|Any CPU
		{DD8C7230-5AD5-4AEA-A635-B19EF05E6EC5}.Release|Any CPU.Build.0 = Release|Any CPU
		{DD8C7230-5AD5-4AEA-A635-B19EF05E6EC5}.Release|Any CPU.Deploy.0 = Release|Any CPU
		{DD8C7230-5AD5-4AEA-A635-B19EF05E6EC5}.Release|iPhone.ActiveCfg = Release|Any CPU
		{DD8C7230-5AD5-4AEA-A635-B19EF05E6EC5}.Release|iPhone.Build.0 = Release|Any CPU
		{DD8C7230-5AD5-4AEA-A635-B19EF05E6EC5}.Release|iPhone.Deploy.0 = Release|Any CPU
		{DD8C7230-5AD5-4AEA-A635-B19EF05E6EC5}.Release|iPhoneSimulator.ActiveCfg = Release|Any CPU
		{DD8C7230-5AD5-4AEA-A635-B19EF05E6EC5}.Release|iPhoneSimulator.Build.0 = Release|Any CPU
		{DD8C7230-5AD5-4AEA-A635-B19EF05E6EC5}.Release|iPhoneSimulator.Deploy.0 = Release|Any CPU
		{C47C2FB5-4905-4C57-AAD0-559788E9265C}.Debug|Any CPU.ActiveCfg = Debug|iPhone
		{C47C2FB5-4905-4C57-AAD0-559788E9265C}.Debug|Any CPU.Build.0 = Debug|iPhone
		{C47C2FB5-4905-4C57-AAD0-559788E9265C}.Debug|Any CPU.Deploy.0 = Debug|iPhone
		{C47C2FB5-4905-4C57-AAD0-559788E9265C}.Debug|iPhone.ActiveCfg = Debug|iPhone
		{C47C2FB5-4905-4C57-AAD0-559788E9265C}.Debug|iPhone.Build.0 = Debug|iPhone
		{C47C2FB5-4905-4C57-AAD0-559788E9265C}.Debug|iPhone.Deploy.0 = Debug|iPhone
		{C47C2FB5-4905-4C57-AAD0-559788E9265C}.Debug|iPhoneSimulator.ActiveCfg = Debug|iPhoneSimulator
		{C47C2FB5-4905-4C57-AAD0-559788E9265C}.Debug|iPhoneSimulator.Build.0 = Debug|iPhoneSimulator
		{C47C2FB5-4905-4C57-AAD0-559788E9265C}.Debug|iPhoneSimulator.Deploy.0 = Debug|iPhoneSimulator
		{C47C2FB5-4905-4C57-AAD0-559788E9265C}.Release|Any CPU.ActiveCfg = Release|iPhone
		{C47C2FB5-4905-4C57-AAD0-559788E9265C}.Release|Any CPU.Build.0 = Release|iPhone
		{C47C2FB5-4905-4C57-AAD0-559788E9265C}.Release|Any CPU.Deploy.0 = Release|iPhone
		{C47C2FB5-4905-4C57-AAD0-559788E9265C}.Release|iPhone.ActiveCfg = Release|iPhone
		{C47C2FB5-4905-4C57-AAD0-559788E9265C}.Release|iPhone.Build.0 = Release|iPhone
		{C47C2FB5-4905-4C57-AAD0-559788E9265C}.Release|iPhone.Deploy.0 = Release|iPhone
		{C47C2FB5-4905-4C57-AAD0-559788E9265C}.Release|iPhoneSimulator.ActiveCfg = Release|iPhoneSimulator
		{C47C2FB5-4905-4C57-AAD0-559788E9265C}.Release|iPhoneSimulator.Build.0 = Release|iPhoneSimulator
		{C47C2FB5-4905-4C57-AAD0-559788E9265C}.Release|iPhoneSimulator.Deploy.0 = Release|iPhoneSimulator
		{3632E575-1CEE-4B3E-A680-C0DF773FDDC9}.Debug|Any CPU.ActiveCfg = Debug|Any CPU
		{3632E575-1CEE-4B3E-A680-C0DF773FDDC9}.Debug|Any CPU.Build.0 = Debug|Any CPU
		{3632E575-1CEE-4B3E-A680-C0DF773FDDC9}.Debug|Any CPU.Deploy.0 = Debug|Any CPU
		{3632E575-1CEE-4B3E-A680-C0DF773FDDC9}.Debug|iPhone.ActiveCfg = Debug|Any CPU
		{3632E575-1CEE-4B3E-A680-C0DF773FDDC9}.Debug|iPhone.Build.0 = Debug|Any CPU
		{3632E575-1CEE-4B3E-A680-C0DF773FDDC9}.Debug|iPhone.Deploy.0 = Debug|Any CPU
		{3632E575-1CEE-4B3E-A680-C0DF773FDDC9}.Debug|iPhoneSimulator.ActiveCfg = Debug|Any CPU
		{3632E575-1CEE-4B3E-A680-C0DF773FDDC9}.Debug|iPhoneSimulator.Build.0 = Debug|Any CPU
		{3632E575-1CEE-4B3E-A680-C0DF773FDDC9}.Debug|iPhoneSimulator.Deploy.0 = Debug|Any CPU
		{3632E575-1CEE-4B3E-A680-C0DF773FDDC9}.Release|Any CPU.ActiveCfg = Release|Any CPU
		{3632E575-1CEE-4B3E-A680-C0DF773FDDC9}.Release|Any CPU.Build.0 = Release|Any CPU
		{3632E575-1CEE-4B3E-A680-C0DF773FDDC9}.Release|Any CPU.Deploy.0 = Release|Any CPU
		{3632E575-1CEE-4B3E-A680-C0DF773FDDC9}.Release|iPhone.ActiveCfg = Release|Any CPU
		{3632E575-1CEE-4B3E-A680-C0DF773FDDC9}.Release|iPhone.Build.0 = Release|Any CPU
		{3632E575-1CEE-4B3E-A680-C0DF773FDDC9}.Release|iPhone.Deploy.0 = Release|Any CPU
		{3632E575-1CEE-4B3E-A680-C0DF773FDDC9}.Release|iPhoneSimulator.ActiveCfg = Release|Any CPU
		{3632E575-1CEE-4B3E-A680-C0DF773FDDC9}.Release|iPhoneSimulator.Build.0 = Release|Any CPU
		{3632E575-1CEE-4B3E-A680-C0DF773FDDC9}.Release|iPhoneSimulator.Deploy.0 = Release|Any CPU
	EndGlobalSection
	GlobalSection(SolutionProperties) = preSolution
		HideSolutionNode = FALSE
	EndGlobalSection
	GlobalSection(ExtensibilityGlobals) = postSolution
		SolutionGuid = {06387AAE-7B68-4693-A741-59A91B9C62EC}
	EndGlobalSection
EndGlobal
